<?xml version="1.0" encoding="UTF-8" standalone="yes" ?>
<CodeBlocks_project_file>
	<FileVersion major="1" minor="6" />
	<Project>
		<Option title="ExcelProjectTest" />
		<Option pch_mode="2" />
		<Option compiler="gcc" />
		<Build>
			<Target title="Debug">
				<Option output="bin/Debug/ExcelProjectTest" prefix_auto="1" extension_auto="1" />
				<Option object_output="obj/Debug/" />
				<Option type="1" />
				<Option compiler="gcc" />
				<Compiler>
					<Add option="-g" />
				</Compiler>
			</Target>
			<Target title="Release">
				<Option output="bin/Release/ExcelProjectTest" prefix_auto="1" extension_auto="1" />
				<Option object_output="obj/Release/" />
				<Option type="1" />
				<Option compiler="gcc" />
				<Compiler>
					<Add option="-O2" />
				</Compiler>
				<Linker>
					<Add option="-s" />
				</Linker>
			</Target>
		</Build>
		<Compiler>
			<Add option="-Wall" />
			<Add option="-fexceptions" />
		</Compiler>
		<Unit filename="../ExcelProject/Cell.cpp" />
		<Unit filename="../ExcelProject/Cell.h" />
		<Unit filename="../ExcelProject/CellDouble.cpp" />
		<Unit filename="../ExcelProject/CellDouble.h" />
		<Unit filename="../ExcelProject/CellFormula.cpp" />
		<Unit filename="../ExcelProject/CellFormula.h" />
		<Unit filename="../ExcelProject/CellInt.cpp" />
		<Unit filename="../ExcelProject/CellInt.h" />
		<Unit filename="../ExcelProject/CellString.cpp" />
		<Unit filename="../ExcelProject/CellString.h" />
		<Unit filename="../ExcelProject/ControlCenter.cpp" />
		<Unit filename="../ExcelProject/ControlCenter.h" />
		<Unit filename="../ExcelProject/Table.cpp" />
		<Unit filename="../ExcelProject/Table.h" />
		<Unit filename="CellDoubleTest.cpp" />
		<Unit filename="CellFormulaTest.cpp" />
		<Unit filename="CellIntTest.cpp" />
		<Unit filename="CellStringTest.cpp" />
		<Unit filename="catch_amalgamated.cpp" />
		<Unit filename="catch_amalgamated.hpp" />
		<Extensions>
			<lib_finder disable_auto="1" />
		</Extensions>
	</Project>
</CodeBlocks_project_file>
